
Microsoft Visual Studio Solution File, Format Version 12.00
# Visual Studio Version 17
VisualStudioVersion = 17.9.34728.123
MinimumVisualStudioVersion = 10.0.40219.1
Project("{FAE04EC0-301F-11D3-BF4B-00C04F79EFBC}") = "AssemblerSimulator", "AssemblerSimulator\AssemblerSimulator.csproj", "{E472846D-AE1D-4211-82D8-22A781DA1726}"
EndProject
Project("{FAE04EC0-301F-11D3-BF4B-00C04F79EFBC}") = "AssemblerSimulatorGUI", "AssemblerSimulatorGUI\AssemblerSimulatorGUI.csproj", "{3FD51354-AC8C-4AD9-8F1F-C1F3DD316719}"
EndProject
Global
	GlobalSection(SolutionConfigurationPlatforms) = preSolution
		Debug|Any CPU = Debug|Any CPU
		Release|Any CPU = Release|Any CPU
	EndGlobalSection
	GlobalSection(ProjectConfigurationPlatforms) = postSolution
		{E472846D-AE1D-4211-82D8-22A781DA1726}.Debug|Any CPU.ActiveCfg = Debug|Any CPU
		{E472846D-AE1D-4211-82D8-22A781DA1726}.Debug|Any CPU.Build.0 = Debug|Any CPU
		{E472846D-AE1D-4211-82D8-22A781DA1726}.Release|Any CPU.ActiveCfg = Release|Any CPU
		{E472846D-AE1D-4211-82D8-22A781DA1726}.Release|Any CPU.Build.0 = Release|Any CPU
		{3FD51354-AC8C-4AD9-8F1F-C1F3DD316719}.Debug|Any CPU.ActiveCfg = Debug|Any CPU
		{3FD51354-AC8C-4AD9-8F1F-C1F3DD316719}.Debug|Any CPU.Build.0 = Debug|Any CPU
		{3FD51354-AC8C-4AD9-8F1F-C1F3DD316719}.Release|Any CPU.ActiveCfg = Release|Any CPU
		{3FD51354-AC8C-4AD9-8F1F-C1F3DD316719}.Release|Any CPU.Build.0 = Release|Any CPU
	EndGlobalSection
	GlobalSection(SolutionProperties) = preSolution
		HideSolutionNode = FALSE
	EndGlobalSection
	GlobalSection(ExtensibilityGlobals) = postSolution
		SolutionGuid = {7A1B6BE4-522E-4C28-934A-10A32D805EB4}
	EndGlobalSection
EndGlobal
